
Microsoft Visual Studio Solution File, Format Version 12.00
# Visual Studio Version 17
VisualStudioVersion = 17.7.34202.233
MinimumVisualStudioVersion = 10.0.40219.1
Project("{FAE04EC0-301F-11D3-BF4B-00C04F79EFBC}") = "MvcMovie", "MvcMovie.csproj", "{0C688996-4D08-48A4-A27C-62D0750FCE34}"
EndProject
Global
	GlobalSection(SolutionConfigurationPlatforms) = preSolution
		Debug|Any CPU = Debug|Any CPU
		Release|Any CPU = Release|Any CPU
	EndGlobalSection
	GlobalSection(ProjectConfigurationPlatforms) = postSolution
		{0C688996-4D08-48A4-A27C-62D0750FCE34}.Debug|Any CPU.ActiveCfg = Debug|Any CPU
		{0C688996-4D08-48A4-A27C-62D0750FCE34}.Debug|Any CPU.Build.0 = Debug|Any CPU
		{0C688996-4D08-48A4-A27C-62D0750FCE34}.Release|Any CPU.ActiveCfg = Release|Any CPU
		{0C688996-4D08-48A4-A27C-62D0750FCE34}.Release|Any CPU.Build.0 = Release|Any CPU
	EndGlobalSection
	GlobalSection(SolutionProperties) = preSolution
		HideSolutionNode = FALSE
	EndGlobalSection
	GlobalSection(ExtensibilityGlobals) = postSolution
		SolutionGuid = {3D8FC783-EA0B-4C85-8163-9BBC92EA44FD}
	EndGlobalSection
EndGlobal
